
Microsoft Visual Studio Solution File, Format Version 12.00
# Visual Studio Version 17
VisualStudioVersion = 17.3.32819.101
MinimumVisualStudioVersion = 10.0.40219.1
Project("{FAE04EC0-301F-11D3-BF4B-00C04F79EFBC}") = "ladderSnakeGame", "ladderSnakeGame.csproj", "{55194B2D-4C78-4565-9FE0-D38D4E0B51E3}"
EndProject
Global
	GlobalSection(SolutionConfigurationPlatforms) = preSolution
		Debug|Any CPU = Debug|Any CPU
		Release|Any CPU = Release|Any CPU
	EndGlobalSection
	GlobalSection(ProjectConfigurationPlatforms) = postSolution
		{55194B2D-4C78-4565-9FE0-D38D4E0B51E3}.Debug|Any CPU.ActiveCfg = Debug|Any CPU
		{55194B2D-4C78-4565-9FE0-D38D4E0B51E3}.Debug|Any CPU.Build.0 = Debug|Any CPU
		{55194B2D-4C78-4565-9FE0-D38D4E0B51E3}.Release|Any CPU.ActiveCfg = Release|Any CPU
		{55194B2D-4C78-4565-9FE0-D38D4E0B51E3}.Release|Any CPU.Build.0 = Release|Any CPU
	EndGlobalSection
	GlobalSection(SolutionProperties) = preSolution
		HideSolutionNode = FALSE
	EndGlobalSection
	GlobalSection(ExtensibilityGlobals) = postSolution
		SolutionGuid = {8807CBED-C58B-42D7-BC4D-8A3CD7EA0B71}
	EndGlobalSection
EndGlobal
